PODS:
  - ExpressPaySDK (1.1.6)

DEPENDENCIES:
  - ExpressPaySDK (from `../expresspay-ios-sdk-pod`)

EXTERNAL SOURCES:
  ExpressPaySDK:
    :path: "../expresspay-ios-sdk-pod"

SPEC CHECKSUMS:
  ExpressPaySDK: 5946ed818380a796634e83dac9b312f31db68519

PODFILE CHECKSUM: 145f0feb365a04dcf8d664bddfb0059b3d2d211f

COCOAPODS: 1.13.0
